
Microsoft Visual Studio Solution File, Format Version 12.00
# Visual Studio Version 16
VisualStudioVersion = 16.0.31019.35
MinimumVisualStudioVersion = 10.0.40219.1
Project("{FAE04EC0-301F-11D3-BF4B-00C04F79EFBC}") = "ELibraryManagementSystem", "ELibraryManagementSystem\ELibraryManagementSystem.csproj", "{6ED6B815-282B-495F-982E-31B428AD98C3}"
EndProject
Global
	GlobalSection(SolutionConfigurationPlatforms) = preSolution
		Debug|Any CPU = Debug|Any CPU
		Release|Any CPU = Release|Any CPU
	EndGlobalSection
	GlobalSection(ProjectConfigurationPlatforms) = postSolution
		{6ED6B815-282B-495F-982E-31B428AD98C3}.Debug|Any CPU.ActiveCfg = Debug|Any CPU
		{6ED6B815-282B-495F-982E-31B428AD98C3}.Debug|Any CPU.Build.0 = Debug|Any CPU
		{6ED6B815-282B-495F-982E-31B428AD98C3}.Release|Any CPU.ActiveCfg = Release|Any CPU
		{6ED6B815-282B-495F-982E-31B428AD98C3}.Release|Any CPU.Build.0 = Release|Any CPU
	EndGlobalSection
	GlobalSection(SolutionProperties) = preSolution
		HideSolutionNode = FALSE
	EndGlobalSection
	GlobalSection(ExtensibilityGlobals) = postSolution
		SolutionGuid = {C97E76EF-06D9-40C5-AA3B-F00DDB3D89EF}
	EndGlobalSection
EndGlobal
